
Microsoft Visual Studio Solution File, Format Version 12.00
# Visual Studio Version 16
VisualStudioVersion = 16.0.29209.62
MinimumVisualStudioVersion = 10.0.40219.1
Project("{FAE04EC0-301F-11D3-BF4B-00C04F79EFBC}") = "projLivrosLista", "projLivrosLista.csproj", "{463CC423-85DF-4F01-9292-C3D119BC1A6C}"
EndProject
Global
	GlobalSection(SolutionConfigurationPlatforms) = preSolution
		Debug|Any CPU = Debug|Any CPU
		Release|Any CPU = Release|Any CPU
	EndGlobalSection
	GlobalSection(ProjectConfigurationPlatforms) = postSolution
		{463CC423-85DF-4F01-9292-C3D119BC1A6C}.Debug|Any CPU.ActiveCfg = Debug|Any CPU
		{463CC423-85DF-4F01-9292-C3D119BC1A6C}.Debug|Any CPU.Build.0 = Debug|Any CPU
		{463CC423-85DF-4F01-9292-C3D119BC1A6C}.Release|Any CPU.ActiveCfg = Release|Any CPU
		{463CC423-85DF-4F01-9292-C3D119BC1A6C}.Release|Any CPU.Build.0 = Release|Any CPU
	EndGlobalSection
	GlobalSection(SolutionProperties) = preSolution
		HideSolutionNode = FALSE
	EndGlobalSection
	GlobalSection(ExtensibilityGlobals) = postSolution
		SolutionGuid = {0E95B2A5-981E-4419-9435-AB56DE3F8B00}
	EndGlobalSection
EndGlobal
